
Microsoft Visual Studio Solution File, Format Version 12.00
# Visual Studio Version 17
VisualStudioVersion = 17.11.35208.52
MinimumVisualStudioVersion = 10.0.40219.1
Project("{8BC9CEB8-8B4A-11D0-8D11-00A0C91BC942}") = "Space Invasion", "Space Invasion\Space Invasion.vcxproj", "{CF64A9C7-E4EE-404A-A202-DA807A9FD929}"
EndProject
Global
	GlobalSection(SolutionConfigurationPlatforms) = preSolution
		Debug|x64 = Debug|x64
		Debug|x86 = Debug|x86
		Release|x64 = Release|x64
		Release|x86 = Release|x86
	EndGlobalSection
	GlobalSection(ProjectConfigurationPlatforms) = postSolution
		{CF64A9C7-E4EE-404A-A202-DA807A9FD929}.Debug|x64.ActiveCfg = Debug|x64
		{CF64A9C7-E4EE-404A-A202-DA807A9FD929}.Debug|x64.Build.0 = Debug|x64
		{CF64A9C7-E4EE-404A-A202-DA807A9FD929}.Debug|x86.ActiveCfg = Debug|Win32
		{CF64A9C7-E4EE-404A-A202-DA807A9FD929}.Debug|x86.Build.0 = Debug|Win32
		{CF64A9C7-E4EE-404A-A202-DA807A9FD929}.Release|x64.ActiveCfg = Release|x64
		{CF64A9C7-E4EE-404A-A202-DA807A9FD929}.Release|x64.Build.0 = Release|x64
		{CF64A9C7-E4EE-404A-A202-DA807A9FD929}.Release|x86.ActiveCfg = Release|Win32
		{CF64A9C7-E4EE-404A-A202-DA807A9FD929}.Release|x86.Build.0 = Release|Win32
	EndGlobalSection
	GlobalSection(SolutionProperties) = preSolution
		HideSolutionNode = FALSE
	EndGlobalSection
	GlobalSection(ExtensibilityGlobals) = postSolution
		SolutionGuid = {34CBA6CA-D13D-4D52-9A60-D2BDA4C79138}
	EndGlobalSection
EndGlobal
